// !$*UTF8*$!
{
	archiveVersion = 1;
	classes = {
	};
	objectVersion = 46;
	objects = {

/* Begin PBXBuildFile section */
		6841BB1E1D5AB01B0016847A /* AppDelegate.swift in Sources */ = {isa = PBXBuildFile; fileRef = 6841BB1D1D5AB01B0016847A /* AppDelegate.swift */; };
		6841BB201D5AB01B0016847A /* ViewController.swift in Sources */ = {isa = PBXBuildFile; fileRef = 6841BB1F1D5AB01B0016847A /* ViewController.swift */; };
		6841BB231D5AB01B0016847A /* Main.storyboard in Resources */ = {isa = PBXBuildFile; fileRef = 6841BB211D5AB01B0016847A /* Main.storyboard */; };
		6841BB251D5AB01B0016847A /* Assets.xcassets in Resources */ = {isa = PBXBuildFile; fileRef = 6841BB241D5AB01B0016847A /* Assets.xcassets */; };
		6841BB281D5AB01B0016847A /* LaunchScreen.storyboard in Resources */ = {isa = PBXBuildFile; fileRef = 6841BB261D5AB01B0016847A /* LaunchScreen.storyboard */; };
		6841BB331D5AB01C0016847A /* Virtual_TouristTests.swift in Sources */ = {isa = PBXBuildFile; fileRef = 6841BB321D5AB01C0016847A /* Virtual_TouristTests.swift */; };
		6841BB3E1D5AB01C0016847A /* Virtual_TouristUITests.swift in Sources */ = {isa = PBXBuildFile; fileRef = 6841BB3D1D5AB01C0016847A /* Virtual_TouristUITests.swift */; };
/* End PBXBuildFile section */

/* Begin PBXContainerItemProxy section */
		6841BB2F1D5AB01C0016847A /* PBXContainerItemProxy */ = {
			isa = PBXContainerItemProxy;
			containerPortal = 6841BB121D5AB01B0016847A /* Project object */;
			proxyType = 1;
			remoteGlobalIDString = 6841BB191D5AB01B0016847A;
			remoteInfo = "Virtual Tourist";
		};
		6841BB3A1D5AB01C0016847A /* PBXContainerItemProxy */ = {
			isa = PBXContainerItemProxy;
			containerPortal = 6841BB121D5AB01B0016847A /* Project object */;
			proxyType = 1;
			remoteGlobalIDString = 6841BB191D5AB01B0016847A;
			remoteInfo = "Virtual Tourist";
		};
/* End PBXContainerItemProxy section */

/* Begin PBXFileReference section */
		6841BB1A1D5AB01B0016847A /* Virtual Tourist.app */ = {isa = PBXFileReference; explicitFileType = wrapper.application; includeInIndex = 0; path = "Virtual Tourist.app"; sourceTree = BUILT_PRODUCTS_DIR; };
		6841BB1D1D5AB01B0016847A /* AppDelegate.swift */ = {isa = PBXFileReference; lastKnownFileType = sourcecode.swift; path = AppDelegate.swift; sourceTree = "<group>"; };
		6841BB1F1D5AB01B0016847A /* ViewController.swift */ = {isa = PBXFileReference; lastKnownFileType = sourcecode.swift; path = ViewController.swift; sourceTree = "<group>"; };
		6841BB221D5AB01B0016847A /* Base */ = {isa = PBXFileReference; lastKnownFileType = file.storyboard; name = Base; path = Base.lproj/Main.storyboard; sourceTree = "<group>"; };
		6841BB241D5AB01B0016847A /* Assets.xcassets */ = {isa = PBXFileReference; lastKnownFileType = folder.assetcatalog; path = Assets.xcassets; sourceTree = "<group>"; };
		6841BB271D5AB01B0016847A /* Base */ = {isa = PBXFileReference; lastKnownFileType = file.storyboard; name = Base; path = Base.lproj/LaunchScreen.storyboard; sourceTree = "<group>"; };
		6841BB291D5AB01B0016847A /* Info.plist */ = {isa = PBXFileReference; lastKnownFileType = text.plist.xml; path = Info.plist; sourceTree = "<group>"; };
		6841BB2E1D5AB01C0016847A /* Virtual TouristTests.xctest */ = {isa = PBXFileReference; explicitFileType = wrapper.cfbundle; includeInIndex = 0; path = "Virtual TouristTests.xctest"; sourceTree = BUILT_PRODUCTS_DIR; };
		6841BB321D5AB01C0016847A /* Virtual_TouristTests.swift */ = {isa = PBXFileReference; lastKnownFileType = sourcecode.swift; path = Virtual_TouristTests.swift; sourceTree = "<group>"; };
		6841BB341D5AB01C0016847A /* Info.plist */ = {isa = PBXFileReference; lastKnownFileType = text.plist.xml; path = Info.plist; sourceTree = "<group>"; };
		6841BB391D5AB01C0016847A /* Virtual TouristUITests.xctest */ = {isa = PBXFileReference; explicitFileType = wrapper.cfbundle; includeInIndex = 0; path = "Virtual TouristUITests.xctest"; sourceTree = BUILT_PRODUCTS_DIR; };
		6841BB3D1D5AB01C0016847A /* Virtual_TouristUITests.swift */ = {isa = PBXFileReference; lastKnownFileType = sourcecode.swift; path = Virtual_TouristUITests.swift; sourceTree = "<group>"; };
		6841BB3F1D5AB01C0016847A /* Info.plist */ = {isa = PBXFileReference; lastKnownFileType = text.plist.xml; path = Info.plist; sourceTree = "<group>"; };
/* End PBXFileReference section */

/* Begin PBXFrameworksBuildPhase section */
		6841BB171D5AB01B0016847A /* Frameworks */ = {
			isa = PBXFrameworksBuildPhase;
			buildActionMask = 2147483647;
			files = (
			);
			runOnlyForDeploymentPostprocessing = 0;
		};
		6841BB2B1D5AB01C0016847A /* Frameworks */ = {
			isa = PBXFrameworksBuildPhase;
			buildActionMask = 2147483647;
			files = (
			);
			runOnlyForDeploymentPostprocessing = 0;
		};
		6841BB361D5AB01C0016847A /* Frameworks */ = {
			isa = PBXFrameworksBuildPhase;
			buildActionMask = 2147483647;
			files = (
			);
			runOnlyForDeploymentPostprocessing = 0;
		};
/* End PBXFrameworksBuildPhase section */

/* Begin PBXGroup section */
		6841BB111D5AB01B0016847A = {
			isa = PBXGroup;
			children = (
				6841BB1C1D5AB01B0016847A /* Virtual Tourist */,
				6841BB311D5AB01C0016847A /* Virtual TouristTests */,
				6841BB3C1D5AB01C0016847A /* Virtual TouristUITests */,
				6841BB1B1D5AB01B0016847A /* Products */,
			);
			sourceTree = "<group>";
		};
		6841BB1B1D5AB01B0016847A /* Products */ = {
			isa = PBXGroup;
			children = (
				6841BB1A1D5AB01B0016847A /* Virtual Tourist.app */,
				6841BB2E1D5AB01C0016847A /* Virtual TouristTests.xctest */,
				6841BB391D5AB01C0016847A /* Virtual TouristUITests.xctest */,
			);
			name = Products;
			sourceTree = "<group>";
		};
		6841BB1C1D5AB01B0016847A /* Virtual Tourist */ = {
			isa = PBXGroup;
			children = (
				6841BB1D1D5AB01B0016847A /* AppDelegate.swift */,
				6841BB1F1D5AB01B0016847A /* ViewController.swift */,
				6841BB211D5AB01B0016847A /* Main.storyboard */,
				6841BB241D5AB01B0016847A /* Assets.xcassets */,
				6841BB261D5AB01B0016847A /* LaunchScreen.storyboard */,
				6841BB291D5AB01B0016847A /* Info.plist */,
			);
			path = "Virtual Tourist";
			sourceTree = "<group>";
		};
		6841BB311D5AB01C0016847A /* Virtual TouristTests */ = {
			isa = PBXGroup;
			children = (
				6841BB321D5AB01C0016847A /* Virtual_TouristTests.swift */,
				6841BB341D5AB01C0016847A /* Info.plist */,
			);
			path = "Virtual TouristTests";
			sourceTree = "<group>";
		};
		6841BB3C1D5AB01C0016847A /* Virtual TouristUITests */ = {
			isa = PBXGroup;
			children = (
				6841BB3D1D5AB01C0016847A /* Virtual_TouristUITests.swift */,
				6841BB3F1D5AB01C0016847A /* Info.plist */,
			);
			path = "Virtual TouristUITests";
			sourceTree = "<group>";
		};
/* End PBXGroup section */

/* Begin PBXNativeTarget section */
		6841BB191D5AB01B0016847A /* Virtual Tourist */ = {
			isa = PBXNativeTarget;
			buildConfigurationList = 6841BB421D5AB01C0016847A /* Build configuration list for PBXNativeTarget "Virtual Tourist" */;
			buildPhases = (
				6841BB161D5AB01B0016847A /* Sources */,
				6841BB171D5AB01B0016847A /* Frameworks */,
				6841BB181D5AB01B0016847A /* Resources */,
			);
			buildRules = (
			);
			dependencies = (
			);
			name = "Virtual Tourist";
			productName = "Virtual Tourist";
			productReference = 6841BB1A1D5AB01B0016847A /* Virtual Tourist.app */;
			productType = "com.apple.product-type.application";
		};
		6841BB2D1D5AB01C0016847A /* Virtual TouristTests */ = {
			isa = PBXNativeTarget;
			buildConfigurationList = 6841BB451D5AB01C0016847A /* Build configuration list for PBXNativeTarget "Virtual TouristTests" */;
			buildPhases = (
				6841BB2A1D5AB01C0016847A /* Sources */,
				6841BB2B1D5AB01C0016847A /* Frameworks */,
				6841BB2C1D5AB01C0016847A /* Resources */,
			);
			buildRules = (
			);
			dependencies = (
				6841BB301D5AB01C0016847A /* PBXTargetDependency */,
			);
			name = "Virtual TouristTests";
			productName = "Virtual TouristTests";
			productReference = 6841BB2E1D5AB01C0016847A /* Virtual TouristTests.xctest */;
			productType = "com.apple.product-type.bundle.unit-test";
		};
		6841BB381D5AB01C0016847A /* Virtual TouristUITests */ = {
			isa = PBXNativeTarget;
			buildConfigurationList = 6841BB481D5AB01C0016847A /* Build configuration list for PBXNativeTarget "Virtual TouristUITests" */;
			buildPhases = (
				6841BB351D5AB01C0016847A /* Sources */,
				6841BB361D5AB01C0016847A /* Frameworks */,
				6841BB371D5AB01C0016847A /* Resources */,
			);
			buildRules = (
			);
			dependencies = (
				6841BB3B1D5AB01C0016847A /* PBXTargetDependency */,
			);
			name = "Virtual TouristUITests";
			productName = "Virtual TouristUITests";
			productReference = 6841BB391D5AB01C0016847A /* Virtual TouristUITests.xctest */;
			productType = "com.apple.product-type.bundle.ui-testing";
		};
/* End PBXNativeTarget section */

/* Begin PBXProject section */
		6841BB121D5AB01B0016847A /* Project object */ = {
			isa = PBXProject;
			attributes = {
				LastSwiftUpdateCheck = 0730;
				LastUpgradeCheck = 0730;
				ORGANIZATIONNAME = jiya;
				TargetAttributes = {
					6841BB191D5AB01B0016847A = {
						CreatedOnToolsVersion = 7.3;
						DevelopmentTeam = 5J6XM9TLRS;
					};
					6841BB2D1D5AB01C0016847A = {
						CreatedOnToolsVersion = 7.3;
						DevelopmentTeam = 5J6XM9TLRS;
						TestTargetID = 6841BB191D5AB01B0016847A;
					};
					6841BB381D5AB01C0016847A = {
						CreatedOnToolsVersion = 7.3;
						DevelopmentTeam = 5J6XM9TLRS;
						TestTargetID = 6841BB191D5AB01B0016847A;
					};
				};
			};
			buildConfigurationList = 6841BB151D5AB01B0016847A /* Build configuration list for PBXProject "Virtual Tourist" */;
			compatibilityVersion = "Xcode 3.2";
			developmentRegion = English;
			hasScannedForEncodings = 0;
			knownRegions = (
				en,
				Base,
			);
			mainGroup = 6841BB111D5AB01B0016847A;
			productRefGroup = 6841BB1B1D5AB01B0016847A /* Products */;
			projectDirPath = "";
			projectRoot = "";
			targets = (
				6841BB191D5AB01B0016847A /* Virtual Tourist */,
				6841BB2D1D5AB01C0016847A /* Virtual TouristTests */,
				6841BB381D5AB01C0016847A /* Virtual TouristUITests */,
			);
		};
/* End PBXProject section */

/* Begin PBXResourcesBuildPhase section */
		6841BB181D5AB01B0016847A /* Resources */ = {
			isa = PBXResourcesBuildPhase;
			buildActionMask = 2147483647;
			files = (
				6841BB281D5AB01B0016847A /* LaunchScreen.storyboard in Resources */,
				6841BB251D5AB01B0016847A /* Assets.xcassets in Resources */,
				6841BB231D5AB01B0016847A /* Main.storyboard in Resources */,
			);
			runOnlyForDeploymentPostprocessing = 0;
		};
		6841BB2C1D5AB01C0016847A /* Resources */ = {
			isa = PBXResourcesBuildPhase;
			buildActionMask = 2147483647;
			files = (
			);
			runOnlyForDeploymentPostprocessing = 0;
		};
		6841BB371D5AB01C0016847A /* Resources */ = {
			isa = PBXResourcesBuildPhase;
			buildActionMask = 2147483647;
			files = (
			);
			runOnlyForDeploymentPostprocessing = 0;
		};
/* End PBXResourcesBuildPhase section */

/* Begin PBXSourcesBuildPhase section */
		6841BB161D5AB01B0016847A /* Sources */ = {
			isa = PBXSourcesBuildPhase;
			buildActionMask = 2147483647;
			files = (
				6841BB201D5AB01B0016847A /* ViewController.swift in Sources */,
				6841BB1E1D5AB01B0016847A /* AppDelegate.swift in Sources */,
			);
			runOnlyForDeploymentPostprocessing = 0;
		};
		6841BB2A1D5AB01C0016847A /* Sources */ = {
			isa = PBXSourcesBuildPhase;
			buildActionMask = 2147483647;
			files = (
				6841BB331D5AB01C0016847A /* Virtual_TouristTests.swift in Sources */,
			);
			runOnlyForDeploymentPostprocessing = 0;
		};
		6841BB351D5AB01C0016847A /* Sources */ = {
			isa = PBXSourcesBuildPhase;
			buildActionMask = 2147483647;
			files = (
				6841BB3E1D5AB01C0016847A /* Virtual_TouristUITests.swift in Sources */,
			);
			runOnlyForDeploymentPostprocessing = 0;
		};
/* End PBXSourcesBuildPhase section */

/* Begin PBXTargetDependency section */
		6841BB301D5AB01C0016847A /* PBXTargetDependency */ = {
			isa = PBXTargetDependency;
			target = 6841BB191D5AB01B0016847A /* Virtual Tourist */;
			targetProxy = 6841BB2F1D5AB01C0016847A /* PBXContainerItemProxy */;
		};
		6841BB3B1D5AB01C0016847A /* PBXTargetDependency */ = {
			isa = PBXTargetDependency;
			target = 6841BB191D5AB01B0016847A /* Virtual Tourist */;
			targetProxy = 6841BB3A1D5AB01C0016847A /* PBXContainerItemProxy */;
		};
/* End PBXTargetDependency section */

/* Begin PBXVariantGroup section */
		6841BB211D5AB01B0016847A /* Main.storyboard */ = {
			isa = PBXVariantGroup;
			children = (
				6841BB221D5AB01B0016847A /* Base */,
			);
			name = Main.storyboard;
			sourceTree = "<group>";
		};
		6841BB261D5AB01B0016847A /* LaunchScreen.storyboard */ = {
			isa = PBXVariantGroup;
			children = (
				6841BB271D5AB01B0016847A /* Base */,
			);
			name = LaunchScreen.storyboard;
			sourceTree = "<group>";
		};
/* End PBXVariantGroup section */

/* Begin XCBuildConfiguration section */
		6841BB401D5AB01C0016847A /* Debug */ = {
			isa = XCBuildConfiguration;
			buildSettings = {
				ALWAYS_SEARCH_USER_PATHS = NO;
				CLANG_ANALYZER_NONNULL = YES;
				CLANG_CXX_LANGUAGE_STANDARD = "gnu++0x";
				CLANG_CXX_LIBRARY = "libc++";
				CLANG_ENABLE_MODULES = YES;
				CLANG_ENABLE_OBJC_ARC = YES;
				CLANG_WARN_BOOL_CONVERSION = YES;
				CLANG_WARN_CONSTANT_CONVERSION = YES;
				CLANG_WARN_DIRECT_OBJC_ISA_USAGE = YES_ERROR;
				CLANG_WARN_EMPTY_BODY = YES;
				CLANG_WARN_ENUM_CONVERSION = YES;
				CLANG_WARN_INT_CONVERSION = YES;
				CLANG_WARN_OBJC_ROOT_CLASS = YES_ERROR;
				CLANG_WARN_UNREACHABLE_CODE = YES;
				CLANG_WARN__DUPLICATE_METHOD_MATCH = YES;
				"CODE_SIGN_IDENTITY[sdk=iphoneos*]" = "iPhone Developer";
				COPY_PHASE_STRIP = NO;
				DEBUG_INFORMATION_FORMAT = dwarf;
				ENABLE_STRICT_OBJC_MSGSEND = YES;
				ENABLE_TESTABILITY = YES;
				GCC_C_LANGUAGE_STANDARD = gnu99;
				GCC_DYNAMIC_NO_PIC = NO;
				GCC_NO_COMMON_BLOCKS = YES;
				GCC_OPTIMIZATION_LEVEL = 0;
				GCC_PREPROCESSOR_DEFINITIONS = (
					"DEBUG=1",
					"$(inherited)",
				);
				GCC_WARN_64_TO_32_BIT_CONVERSION = YES;
				GCC_WARN_ABOUT_RETURN_TYPE = YES_ERROR;
				GCC_WARN_UNDECLARED_SELECTOR = YES;
				GCC_WARN_UNINITIALIZED_AUTOS = YES_AGGRESSIVE;
				GCC_WARN_UNUSED_FUNCTION = YES;
				GCC_WARN_UNUSED_VARIABLE = YES;
				IPHONEOS_DEPLOYMENT_TARGET = 9.3;
				MTL_ENABLE_DEBUG_INFO = YES;
				ONLY_ACTIVE_ARCH = YES;
				SDKROOT = iphoneos;
				SWIFT_OPTIMIZATION_LEVEL = "-Onone";
			};
			name = Debug;
		};
		6841BB411D5AB01C0016847A /* Release */ = {
			isa = XCBuildConfiguration;
			buildSettings = {
				ALWAYS_SEARCH_USER_PATHS = NO;
				CLANG_ANALYZER_NONNULL = YES;
				CLANG_CXX_LANGUAGE_STANDARD = "gnu++0x";
				CLANG_CXX_LIBRARY = "libc++";
				CLANG_ENABLE_MODULES = YES;
				CLANG_ENABLE_OBJC_ARC = YES;
				CLANG_WARN_BOOL_CONVERSION = YES;
				CLANG_WARN_CONSTANT_CONVERSION = YES;
				CLANG_WARN_DIRECT_OBJC_ISA_USAGE = YES_ERROR;
				CLANG_WARN_EMPTY_BODY = YES;
				CLANG_WARN_ENUM_CONVERSION = YES;
				CLANG_WARN_INT_CONVERSION = YES;
				CLANG_WARN_OBJC_ROOT_CLASS = YES_ERROR;
				CLANG_WARN_UNREACHABLE_CODE = YES;
				CLANG_WARN__DUPLICATE_METHOD_MATCH = YES;
				"CODE_SIGN_IDENTITY[sdk=iphoneos*]" = "iPhone Developer";
				COPY_PHASE_STRIP = NO;
				DEBUG_INFORMATION_FORMAT = "dwarf-with-dsym";
				ENABLE_NS_ASSERTIONS = NO;
				ENABLE_STRICT_OBJC_MSGSEND = YES;
				GCC_C_LANGUAGE_STANDARD = gnu99;
				GCC_NO_COMMON_BLOCKS = YES;
				GCC_WARN_64_TO_32_BIT_CONVERSION = YES;
				GCC_WARN_ABOUT_RETURN_TYPE = YES_ERROR;
				GCC_WARN_UNDECLARED_SELECTOR = YES;
				GCC_WARN_UNINITIALIZED_AUTOS = YES_AGGRESSIVE;
				GCC_WARN_UNUSED_FUNCTION = YES;
				GCC_WARN_UNUSED_VARIABLE = YES;
				IPHONEOS_DEPLOYMENT_TARGET = 9.3;
				MTL_ENABLE_DEBUG_INFO = NO;
				SDKROOT = iphoneos;
				VALIDATE_PRODUCT = YES;
			};
			name = Release;
		};
		6841BB431D5AB01C0016847A /* Debug */ = {
			isa = XCBuildConfiguration;
			buildSettings = {
				ASSETCATALOG_COMPILER_APPICON_NAME = AppIcon;
				INFOPLIST_FILE = "Virtual Tourist/Info.plist";
				LD_RUNPATH_SEARCH_PATHS = "$(inherited) @executable_path/Frameworks";
				PRODUCT_BUNDLE_IDENTIFIER = "com.jiya.Virtual-Tourist";
				PRODUCT_NAME = "$(TARGET_NAME)";
			};
			name = Debug;
		};
		6841BB441D5AB01C0016847A /* Release */ = {
			isa = XCBuildConfiguration;
			buildSettings = {
				ASSETCATALOG_COMPILER_APPICON_NAME = AppIcon;
				INFOPLIST_FILE = "Virtual Tourist/Info.plist";
				LD_RUNPATH_SEARCH_PATHS = "$(inherited) @executable_path/Frameworks";
				PRODUCT_BUNDLE_IDENTIFIER = "com.jiya.Virtual-Tourist";
				PRODUCT_NAME = "$(TARGET_NAME)";
			};
			name = Release;
		};
		6841BB461D5AB01C0016847A /* Debug */ = {
			isa = XCBuildConfiguration;
			buildSettings = {
				BUNDLE_LOADER = "$(TEST_HOST)";
				INFOPLIST_FILE = "Virtual TouristTests/Info.plist";
				LD_RUNPATH_SEARCH_PATHS = "$(inherited) @executable_path/Frameworks @loader_path/Frameworks";
				PRODUCT_BUNDLE_IDENTIFIER = "com.jiya.Virtual-TouristTests";
				PRODUCT_NAME = "$(TARGET_NAME)";
				TEST_HOST = "$(BUILT_PRODUCTS_DIR)/Virtual Tourist.app/Virtual Tourist";
			};
			name = Debug;
		};
		6841BB471D5AB01C0016847A /* Release */ = {
			isa = XCBuildConfiguration;
			buildSettings = {
				BUNDLE_LOADER = "$(TEST_HOST)";
				INFOPLIST_FILE = "Virtual TouristTests/Info.plist";
				LD_RUNPATH_SEARCH_PATHS = "$(inherited) @executable_path/Frameworks @loader_path/Frameworks";
				PRODUCT_BUNDLE_IDENTIFIER = "com.jiya.Virtual-TouristTests";
				PRODUCT_NAME = "$(TARGET_NAME)";
				TEST_HOST = "$(BUILT_PRODUCTS_DIR)/Virtual Tourist.app/Virtual Tourist";
			};
			name = Release;
		};
		6841BB491D5AB01C0016847A /* Debug */ = {
			isa = XCBuildConfiguration;
			buildSettings = {
				INFOPLIST_FILE = "Virtual TouristUITests/Info.plist";
				LD_RUNPATH_SEARCH_PATHS = "$(inherited) @executable_path/Frameworks @loader_path/Frameworks";
				PRODUCT_BUNDLE_IDENTIFIER = "com.jiya.Virtual-TouristUITests";
				PRODUCT_NAME = "$(TARGET_NAME)";
				TEST_TARGET_NAME = "Virtual Tourist";
			};
			name = Debug;
		};
		6841BB4A1D5AB01C0016847A /* Release */ = {
			isa = XCBuildConfiguration;
			buildSettings = {
				INFOPLIST_FILE = "Virtual TouristUITests/Info.plist";
				LD_RUNPATH_SEARCH_PATHS = "$(inherited) @executable_path/Frameworks @loader_path/Frameworks";
				PRODUCT_BUNDLE_IDENTIFIER = "com.jiya.Virtual-TouristUITests";
				PRODUCT_NAME = "$(TARGET_NAME)";
				TEST_TARGET_NAME = "Virtual Tourist";
			};
			name = Release;
		};
/* End XCBuildConfiguration section */

/* Begin XCConfigurationList section */
		6841BB151D5AB01B0016847A /* Build configuration list for PBXProject "Virtual Tourist" */ = {
			isa = XCConfigurationList;
			buildConfigurations = (
				6841BB401D5AB01C0016847A /* Debug */,
				6841BB411D5AB01C0016847A /* Release */,
			);
			defaultConfigurationIsVisible = 0;
			defaultConfigurationName = Release;
		};
		6841BB421D5AB01C0016847A /* Build configuration list for PBXNativeTarget "Virtual Tourist" */ = {
			isa = XCConfigurationList;
			buildConfigurations = (
				6841BB431D5AB01C0016847A /* Debug */,
				6841BB441D5AB01C0016847A /* Release */,
			);
			defaultConfigurationIsVisible = 0;
		};
		6841BB451D5AB01C0016847A /* Build configuration list for PBXNativeTarget "Virtual TouristTests" */ = {
			isa = XCConfigurationList;
			buildConfigurations = (
				6841BB461D5AB01C0016847A /* Debug */,
				6841BB471D5AB01C0016847A /* Release */,
			);
			defaultConfigurationIsVisible = 0;
		};
		6841BB481D5AB01C0016847A /* Build configuration list for PBXNativeTarget "Virtual TouristUITests" */ = {
			isa = XCConfigurationList;
			buildConfigurations = (
				6841BB491D5AB01C0016847A /* Debug */,
				6841BB4A1D5AB01C0016847A /* Release */,
			);
			defaultConfigurationIsVisible = 0;
		};
/* End XCConfigurationList section */
	};
	rootObject = 6841BB121D5AB01B0016847A /* Project object */;
}
